
Microsoft Visual Studio Solution File, Format Version 12.00
# Visual Studio Version 17
VisualStudioVersion = 17.5.33530.505
MinimumVisualStudioVersion = 10.0.40219.1
Project("{2150E333-8FDC-42A3-9474-1A3956D46DE8}") = "src", "src", "{0E0F8BC1-7AB0-4E44-98AD-A24CE0E80EA2}"
EndProject
Project("{FAE04EC0-301F-11D3-BF4B-00C04F79EFBC}") = "Nicesleeping.WebApi", "src\Nicesleeping.WebApi\Nicesleeping.WebApi.csproj", "{48DE0DAB-EDED-4DB4-A346-2A351C222991}"
EndProject
Project("{FAE04EC0-301F-11D3-BF4B-00C04F79EFBC}") = "Nicesleeping.DataAccess", "src\Nicesleeping.DataAccess\Nicesleeping.DataAccess.csproj", "{1A2E299F-58D9-4ED6-BE76-7DFFFAA87B7F}"
EndProject
Project("{FAE04EC0-301F-11D3-BF4B-00C04F79EFBC}") = "Nicesleeping.Domain", "src\Nicesleeping.Domain\Nicesleeping.Domain.csproj", "{9C73A321-7D33-42FE-AE3E-2F7C94771290}"
EndProject
Project("{FAE04EC0-301F-11D3-BF4B-00C04F79EFBC}") = "Nicesleeping.Services", "src\Nicesleeping.Services\Nicesleeping.Services.csproj", "{051128F6-70CA-48A2-9EBB-C72596942DF2}"
EndProject
Global
	GlobalSection(SolutionConfigurationPlatforms) = preSolution
		Debug|Any CPU = Debug|Any CPU
		Release|Any CPU = Release|Any CPU
	EndGlobalSection
	GlobalSection(ProjectConfigurationPlatforms) = postSolution
		{48DE0DAB-EDED-4DB4-A346-2A351C222991}.Debug|Any CPU.ActiveCfg = Debug|Any CPU
		{48DE0DAB-EDED-4DB4-A346-2A351C222991}.Debug|Any CPU.Build.0 = Debug|Any CPU
		{48DE0DAB-EDED-4DB4-A346-2A351C222991}.Release|Any CPU.ActiveCfg = Release|Any CPU
		{48DE0DAB-EDED-4DB4-A346-2A351C222991}.Release|Any CPU.Build.0 = Release|Any CPU
		{1A2E299F-58D9-4ED6-BE76-7DFFFAA87B7F}.Debug|Any CPU.ActiveCfg = Debug|Any CPU
		{1A2E299F-58D9-4ED6-BE76-7DFFFAA87B7F}.Debug|Any CPU.Build.0 = Debug|Any CPU
		{1A2E299F-58D9-4ED6-BE76-7DFFFAA87B7F}.Release|Any CPU.ActiveCfg = Release|Any CPU
		{1A2E299F-58D9-4ED6-BE76-7DFFFAA87B7F}.Release|Any CPU.Build.0 = Release|Any CPU
		{9C73A321-7D33-42FE-AE3E-2F7C94771290}.Debug|Any CPU.ActiveCfg = Debug|Any CPU
		{9C73A321-7D33-42FE-AE3E-2F7C94771290}.Debug|Any CPU.Build.0 = Debug|Any CPU
		{9C73A321-7D33-42FE-AE3E-2F7C94771290}.Release|Any CPU.ActiveCfg = Release|Any CPU
		{9C73A321-7D33-42FE-AE3E-2F7C94771290}.Release|Any CPU.Build.0 = Release|Any CPU
		{051128F6-70CA-48A2-9EBB-C72596942DF2}.Debug|Any CPU.ActiveCfg = Debug|Any CPU
		{051128F6-70CA-48A2-9EBB-C72596942DF2}.Debug|Any CPU.Build.0 = Debug|Any CPU
		{051128F6-70CA-48A2-9EBB-C72596942DF2}.Release|Any CPU.ActiveCfg = Release|Any CPU
		{051128F6-70CA-48A2-9EBB-C72596942DF2}.Release|Any CPU.Build.0 = Release|Any CPU
	EndGlobalSection
	GlobalSection(SolutionProperties) = preSolution
		HideSolutionNode = FALSE
	EndGlobalSection
	GlobalSection(NestedProjects) = preSolution
		{48DE0DAB-EDED-4DB4-A346-2A351C222991} = {0E0F8BC1-7AB0-4E44-98AD-A24CE0E80EA2}
		{1A2E299F-58D9-4ED6-BE76-7DFFFAA87B7F} = {0E0F8BC1-7AB0-4E44-98AD-A24CE0E80EA2}
		{9C73A321-7D33-42FE-AE3E-2F7C94771290} = {0E0F8BC1-7AB0-4E44-98AD-A24CE0E80EA2}
		{051128F6-70CA-48A2-9EBB-C72596942DF2} = {0E0F8BC1-7AB0-4E44-98AD-A24CE0E80EA2}
	EndGlobalSection
	GlobalSection(ExtensibilityGlobals) = postSolution
		SolutionGuid = {E2CD89D8-67C7-4823-89F1-80440247F052}
	EndGlobalSection
EndGlobal
